// !$*UTF8*$!
{
	archiveVersion = 1;
	classes = {
	};
	objectVersion = 50;
	objects = {

/* Begin PBXBuildFile section */
		56ACF3A921AF09B200F759FE /* SecondViewController.swift in Sources */ = {isa = PBXBuildFile; fileRef = 56ACF3A821AF09B200F759FE /* SecondViewController.swift */; };
		56D35FB021ADB0BD0009FBAE /* AppDelegate.swift in Sources */ = {isa = PBXBuildFile; fileRef = 56D35FAF21ADB0BD0009FBAE /* AppDelegate.swift */; };
		56D35FB221ADB0BD0009FBAE /* ViewController.swift in Sources */ = {isa = PBXBuildFile; fileRef = 56D35FB121ADB0BD0009FBAE /* ViewController.swift */; };
		56D35FB521ADB0BD0009FBAE /* Main.storyboard in Resources */ = {isa = PBXBuildFile; fileRef = 56D35FB321ADB0BD0009FBAE /* Main.storyboard */; };
		56D35FB721ADB0C20009FBAE /* Assets.xcassets in Resources */ = {isa = PBXBuildFile; fileRef = 56D35FB621ADB0C20009FBAE /* Assets.xcassets */; };
		56D35FBA21ADB0C20009FBAE /* LaunchScreen.storyboard in Resources */ = {isa = PBXBuildFile; fileRef = 56D35FB821ADB0C20009FBAE /* LaunchScreen.storyboard */; };
/* End PBXBuildFile section */

/* Begin PBXFileReference section */
		56ACF3A821AF09B200F759FE /* SecondViewController.swift */ = {isa = PBXFileReference; lastKnownFileType = sourcecode.swift; path = SecondViewController.swift; sourceTree = "<group>"; };
		56D35FAC21ADB0BD0009FBAE /* appWordpay.app */ = {isa = PBXFileReference; explicitFileType = wrapper.application; includeInIndex = 0; path = appWordpay.app; sourceTree = BUILT_PRODUCTS_DIR; };
		56D35FAF21ADB0BD0009FBAE /* AppDelegate.swift */ = {isa = PBXFileReference; lastKnownFileType = sourcecode.swift; path = AppDelegate.swift; sourceTree = "<group>"; };
		56D35FB121ADB0BD0009FBAE /* ViewController.swift */ = {isa = PBXFileReference; lastKnownFileType = sourcecode.swift; path = ViewController.swift; sourceTree = "<group>"; };
		56D35FB421ADB0BD0009FBAE /* Base */ = {isa = PBXFileReference; lastKnownFileType = file.storyboard; name = Base; path = Base.lproj/Main.storyboard; sourceTree = "<group>"; };
		56D35FB621ADB0C20009FBAE /* Assets.xcassets */ = {isa = PBXFileReference; lastKnownFileType = folder.assetcatalog; path = Assets.xcassets; sourceTree = "<group>"; };
		56D35FB921ADB0C20009FBAE /* Base */ = {isa = PBXFileReference; lastKnownFileType = file.storyboard; name = Base; path = Base.lproj/LaunchScreen.storyboard; sourceTree = "<group>"; };
		56D35FBB21ADB0C20009FBAE /* Info.plist */ = {isa = PBXFileReference; lastKnownFileType = text.plist.xml; path = Info.plist; sourceTree = "<group>"; };
/* End PBXFileReference section */

/* Begin PBXFrameworksBuildPhase section */
		56D35FA921ADB0BD0009FBAE /* Frameworks */ = {
			isa = PBXFrameworksBuildPhase;
			buildActionMask = 2147483647;
			files = (
			);
			runOnlyForDeploymentPostprocessing = 0;
		};
/* End PBXFrameworksBuildPhase section */

/* Begin PBXGroup section */
		56D35FA321ADB0BD0009FBAE = {
			isa = PBXGroup;
			children = (
				56D35FAE21ADB0BD0009FBAE /* appWordpay */,
				56D35FAD21ADB0BD0009FBAE /* Products */,
			);
			sourceTree = "<group>";
		};
		56D35FAD21ADB0BD0009FBAE /* Products */ = {
			isa = PBXGroup;
			children = (
				56D35FAC21ADB0BD0009FBAE /* appWordpay.app */,
			);
			name = Products;
			sourceTree = "<group>";
		};
		56D35FAE21ADB0BD0009FBAE /* appWordpay */ = {
			isa = PBXGroup;
			children = (
				56D35FAF21ADB0BD0009FBAE /* AppDelegate.swift */,
				56D35FB121ADB0BD0009FBAE /* ViewController.swift */,
				56ACF3A821AF09B200F759FE /* SecondViewController.swift */,
				56D35FB321ADB0BD0009FBAE /* Main.storyboard */,
				56D35FB621ADB0C20009FBAE /* Assets.xcassets */,
				56D35FB821ADB0C20009FBAE /* LaunchScreen.storyboard */,
				56D35FBB21ADB0C20009FBAE /* Info.plist */,
			);
			path = appWordpay;
			sourceTree = "<group>";
		};
/* End PBXGroup section */

/* Begin PBXNativeTarget section */
		56D35FAB21ADB0BD0009FBAE /* appWordpay */ = {
			isa = PBXNativeTarget;
			buildConfigurationList = 56D35FBE21ADB0C20009FBAE /* Build configuration list for PBXNativeTarget "appWordpay" */;
			buildPhases = (
				56D35FA821ADB0BD0009FBAE /* Sources */,
				56D35FA921ADB0BD0009FBAE /* Frameworks */,
				56D35FAA21ADB0BD0009FBAE /* Resources */,
			);
			buildRules = (
			);
			dependencies = (
			);
			name = appWordpay;
			productName = appWordpay;
			productReference = 56D35FAC21ADB0BD0009FBAE /* appWordpay.app */;
			productType = "com.apple.product-type.application";
		};
/* End PBXNativeTarget section */

/* Begin PBXProject section */
		56D35FA421ADB0BD0009FBAE /* Project object */ = {
			isa = PBXProject;
			attributes = {
				LastSwiftUpdateCheck = 1010;
				LastUpgradeCheck = 1010;
				ORGANIZATIONNAME = "John Hersey High School";
				TargetAttributes = {
					56D35FAB21ADB0BD0009FBAE = {
						CreatedOnToolsVersion = 10.1;
					};
				};
			};
			buildConfigurationList = 56D35FA721ADB0BD0009FBAE /* Build configuration list for PBXProject "appWordpay" */;
			compatibilityVersion = "Xcode 9.3";
			developmentRegion = en;
			hasScannedForEncodings = 0;
			knownRegions = (
				en,
				Base,
			);
			mainGroup = 56D35FA321ADB0BD0009FBAE;
			productRefGroup = 56D35FAD21ADB0BD0009FBAE /* Products */;
			projectDirPath = "";
			projectRoot = "";
			targets = (
				56D35FAB21ADB0BD0009FBAE /* appWordpay */,
			);
		};
/* End PBXProject section */

/* Begin PBXResourcesBuildPhase section */
		56D35FAA21ADB0BD0009FBAE /* Resources */ = {
			isa = PBXResourcesBuildPhase;
			buildActionMask = 2147483647;
			files = (
				56D35FBA21ADB0C20009FBAE /* LaunchScreen.storyboard in Resources */,
				56D35FB721ADB0C20009FBAE /* Assets.xcassets in Resources */,
				56D35FB521ADB0BD0009FBAE /* Main.storyboard in Resources */,
			);
			runOnlyForDeploymentPostprocessing = 0;
		};
/* End PBXResourcesBuildPhase section */

/* Begin PBXSourcesBuildPhase section */
		56D35FA821ADB0BD0009FBAE /* Sources */ = {
			isa = PBXSourcesBuildPhase;
			buildActionMask = 2147483647;
			files = (
				56ACF3A921AF09B200F759FE /* SecondViewController.swift in Sources */,
				56D35FB221ADB0BD0009FBAE /* ViewController.swift in Sources */,
				56D35FB021ADB0BD0009FBAE /* AppDelegate.swift in Sources */,
			);
			runOnlyForDeploymentPostprocessing = 0;
		};
/* End PBXSourcesBuildPhase section */

/* Begin PBXVariantGroup section */
		56D35FB321ADB0BD0009FBAE /* Main.storyboard */ = {
			isa = PBXVariantGroup;
			children = (
				56D35FB421ADB0BD0009FBAE /* Base */,
			);
			name = Main.storyboard;
			sourceTree = "<group>";
		};
		56D35FB821ADB0C20009FBAE /* LaunchScreen.storyboard */ = {
			isa = PBXVariantGroup;
			children = (
				56D35FB921ADB0C20009FBAE /* Base */,
			);
			name = LaunchScreen.storyboard;
			sourceTree = "<group>";
		};
/* End PBXVariantGroup section */

/* Begin XCBuildConfiguration section */
		56D35FBC21ADB0C20009FBAE /* Debug */ = {
			isa = XCBuildConfiguration;
			buildSettings = {
				ALWAYS_SEARCH_USER_PATHS = NO;
				CLANG_ANALYZER_NONNULL = YES;
				CLANG_ANALYZER_NUMBER_OBJECT_CONVERSION = YES_AGGRESSIVE;
				CLANG_CXX_LANGUAGE_STANDARD = "gnu++14";
				CLANG_CXX_LIBRARY = "libc++";
				CLANG_ENABLE_MODULES = YES;
				CLANG_ENABLE_OBJC_ARC = YES;
				CLANG_ENABLE_OBJC_WEAK = YES;
				CLANG_WARN_BLOCK_CAPTURE_AUTORELEASING = YES;
				CLANG_WARN_BOOL_CONVERSION = YES;
				CLANG_WARN_COMMA = YES;
				CLANG_WARN_CONSTANT_CONVERSION = YES;
				CLANG_WARN_DEPRECATED_OBJC_IMPLEMENTATIONS = YES;
				CLANG_WARN_DIRECT_OBJC_ISA_USAGE = YES_ERROR;
				CLANG_WARN_DOCUMENTATION_COMMENTS = YES;
				CLANG_WARN_EMPTY_BODY = YES;
				CLANG_WARN_ENUM_CONVERSION = YES;
				CLANG_WARN_INFINITE_RECURSION = YES;
				CLANG_WARN_INT_CONVERSION = YES;
				CLANG_WARN_NON_LITERAL_NULL_CONVERSION = YES;
				CLANG_WARN_OBJC_IMPLICIT_RETAIN_SELF = YES;
				CLANG_WARN_OBJC_LITERAL_CONVERSION = YES;
				CLANG_WARN_OBJC_ROOT_CLASS = YES_ERROR;
				CLANG_WARN_RANGE_LOOP_ANALYSIS = YES;
				CLANG_WARN_STRICT_PROTOTYPES = YES;
				CLANG_WARN_SUSPICIOUS_MOVE = YES;
				CLANG_WARN_UNGUARDED_AVAILABILITY = YES_AGGRESSIVE;
				CLANG_WARN_UNREACHABLE_CODE = YES;
				CLANG_WARN__DUPLICATE_METHOD_MATCH = YES;
				CODE_SIGN_IDENTITY = "iPhone Developer";
				COPY_PHASE_STRIP = NO;
				DEBUG_INFORMATION_FORMAT = dwarf;
				ENABLE_STRICT_OBJC_MSGSEND = YES;
				ENABLE_TESTABILITY = YES;
				GCC_C_LANGUAGE_STANDARD = gnu11;
				GCC_DYNAMIC_NO_PIC = NO;
				GCC_NO_COMMON_BLOCKS = YES;
				GCC_OPTIMIZATION_LEVEL = 0;
				GCC_PREPROCESSOR_DEFINITIONS = (
					"DEBUG=1",
					"$(inherited)",
				);
				GCC_WARN_64_TO_32_BIT_CONVERSION = YES;
				GCC_WARN_ABOUT_RETURN_TYPE = YES_ERROR;
				GCC_WARN_UNDECLARED_SELECTOR = YES;
				GCC_WARN_UNINITIALIZED_AUTOS = YES_AGGRESSIVE;
				GCC_WARN_UNUSED_FUNCTION = YES;
				GCC_WARN_UNUSED_VARIABLE = YES;
				IPHONEOS_DEPLOYMENT_TARGET = 12.1;
				MTL_ENABLE_DEBUG_INFO = INCLUDE_SOURCE;
				MTL_FAST_MATH = YES;
				ONLY_ACTIVE_ARCH = YES;
				SDKROOT = iphoneos;
				SWIFT_ACTIVE_COMPILATION_CONDITIONS = DEBUG;
				SWIFT_OPTIMIZATION_LEVEL = "-Onone";
			};
			name = Debug;
		};
		56D35FBD21ADB0C20009FBAE /* Release */ = {
			isa = XCBuildConfiguration;
			buildSettings = {
				ALWAYS_SEARCH_USER_PATHS = NO;
				CLANG_ANALYZER_NONNULL = YES;
				CLANG_ANALYZER_NUMBER_OBJECT_CONVERSION = YES_AGGRESSIVE;
				CLANG_CXX_LANGUAGE_STANDARD = "gnu++14";
				CLANG_CXX_LIBRARY = "libc++";
				CLANG_ENABLE_MODULES = YES;
				CLANG_ENABLE_OBJC_ARC = YES;
				CLANG_ENABLE_OBJC_WEAK = YES;
				CLANG_WARN_BLOCK_CAPTURE_AUTORELEASING = YES;
				CLANG_WARN_BOOL_CONVERSION = YES;
				CLANG_WARN_COMMA = YES;
				CLANG_WARN_CONSTANT_CONVERSION = YES;
				CLANG_WARN_DEPRECATED_OBJC_IMPLEMENTATIONS = YES;
				CLANG_WARN_DIRECT_OBJC_ISA_USAGE = YES_ERROR;
				CLANG_WARN_DOCUMENTATION_COMMENTS = YES;
				CLANG_WARN_EMPTY_BODY = YES;
				CLANG_WARN_ENUM_CONVERSION = YES;
				CLANG_WARN_INFINITE_RECURSION = YES;
				CLANG_WARN_INT_CONVERSION = YES;
				CLANG_WARN_NON_LITERAL_NULL_CONVERSION = YES;
				CLANG_WARN_OBJC_IMPLICIT_RETAIN_SELF = YES;
				CLANG_WARN_OBJC_LITERAL_CONVERSION = YES;
				CLANG_WARN_OBJC_ROOT_CLASS = YES_ERROR;
				CLANG_WARN_RANGE_LOOP_ANALYSIS = YES;
				CLANG_WARN_STRICT_PROTOTYPES = YES;
				CLANG_WARN_SUSPICIOUS_MOVE = YES;
				CLANG_WARN_UNGUARDED_AVAILABILITY = YES_AGGRESSIVE;
				CLANG_WARN_UNREACHABLE_CODE = YES;
				CLANG_WARN__DUPLICATE_METHOD_MATCH = YES;
				CODE_SIGN_IDENTITY = "iPhone Developer";
				COPY_PHASE_STRIP = NO;
				DEBUG_INFORMATION_FORMAT = "dwarf-with-dsym";
				ENABLE_NS_ASSERTIONS = NO;
				ENABLE_STRICT_OBJC_MSGSEND = YES;
				GCC_C_LANGUAGE_STANDARD = gnu11;
				GCC_NO_COMMON_BLOCKS = YES;
				GCC_WARN_64_TO_32_BIT_CONVERSION = YES;
				GCC_WARN_ABOUT_RETURN_TYPE = YES_ERROR;
				GCC_WARN_UNDECLARED_SELECTOR = YES;
				GCC_WARN_UNINITIALIZED_AUTOS = YES_AGGRESSIVE;
				GCC_WARN_UNUSED_FUNCTION = YES;
				GCC_WARN_UNUSED_VARIABLE = YES;
				IPHONEOS_DEPLOYMENT_TARGET = 12.1;
				MTL_ENABLE_DEBUG_INFO = NO;
				MTL_FAST_MATH = YES;
				SDKROOT = iphoneos;
				SWIFT_COMPILATION_MODE = wholemodule;
				SWIFT_OPTIMIZATION_LEVEL = "-O";
				VALIDATE_PRODUCT = YES;
			};
			name = Release;
		};
		56D35FBF21ADB0C20009FBAE /* Debug */ = {
			isa = XCBuildConfiguration;
			buildSettings = {
				ASSETCATALOG_COMPILER_APPICON_NAME = AppIcon;
				CODE_SIGN_STYLE = Automatic;
				DEVELOPMENT_TEAM = 4NPB4A6LM8;
				INFOPLIST_FILE = appWordpay/Info.plist;
				LD_RUNPATH_SEARCH_PATHS = (
					"$(inherited)",
					"@executable_path/Frameworks",
				);
				PRODUCT_BUNDLE_IDENTIFIER = org.d214.jhhs.0361.appWordpay;
				PRODUCT_NAME = "$(TARGET_NAME)";
				SWIFT_VERSION = 4.2;
				TARGETED_DEVICE_FAMILY = "1,2";
			};
			name = Debug;
		};
		56D35FC021ADB0C20009FBAE /* Release */ = {
			isa = XCBuildConfiguration;
			buildSettings = {
				ASSETCATALOG_COMPILER_APPICON_NAME = AppIcon;
				CODE_SIGN_STYLE = Automatic;
				DEVELOPMENT_TEAM = 4NPB4A6LM8;
				INFOPLIST_FILE = appWordpay/Info.plist;
				LD_RUNPATH_SEARCH_PATHS = (
					"$(inherited)",
					"@executable_path/Frameworks",
				);
				PRODUCT_BUNDLE_IDENTIFIER = org.d214.jhhs.0361.appWordpay;
				PRODUCT_NAME = "$(TARGET_NAME)";
				SWIFT_VERSION = 4.2;
				TARGETED_DEVICE_FAMILY = "1,2";
			};
			name = Release;
		};
/* End XCBuildConfiguration section */

/* Begin XCConfigurationList section */
		56D35FA721ADB0BD0009FBAE /* Build configuration list for PBXProject "appWordpay" */ = {
			isa = XCConfigurationList;
			buildConfigurations = (
				56D35FBC21ADB0C20009FBAE /* Debug */,
				56D35FBD21ADB0C20009FBAE /* Release */,
			);
			defaultConfigurationIsVisible = 0;
			defaultConfigurationName = Release;
		};
		56D35FBE21ADB0C20009FBAE /* Build configuration list for PBXNativeTarget "appWordpay" */ = {
			isa = XCConfigurationList;
			buildConfigurations = (
				56D35FBF21ADB0C20009FBAE /* Debug */,
				56D35FC021ADB0C20009FBAE /* Release */,
			);
			defaultConfigurationIsVisible = 0;
			defaultConfigurationName = Release;
		};
/* End XCConfigurationList section */
	};
	rootObject = 56D35FA421ADB0BD0009FBAE /* Project object */;
}
